
Microsoft Visual Studio Solution File, Format Version 12.00
# Visual Studio 15
VisualStudioVersion = 15.0.26020.0
MinimumVisualStudioVersion = 10.0.40219.1
Project("{9A19103F-16F7-4668-BE54-9A1E7A4F7556}") = "Swashbuckle.AspNetCore", "src\Swashbuckle.AspNetCore\Swashbuckle.AspNetCore.csproj", "{98410F12-E2A2-4ECF-AD99-CB3CA2B8FCF2}"
EndProject
Project("{9A19103F-16F7-4668-BE54-9A1E7A4F7556}") = "Swashbuckle.AspNetCore.Swagger", "src\Swashbuckle.AspNetCore.Swagger\Swashbuckle.AspNetCore.Swagger.csproj", "{F9C6D17C-77D1-4EE6-8637-571A424F3609}"
EndProject
Project("{9A19103F-16F7-4668-BE54-9A1E7A4F7556}") = "Swashbuckle.AspNetCore.SwaggerGen", "src\Swashbuckle.AspNetCore.SwaggerGen\Swashbuckle.AspNetCore.SwaggerGen.csproj", "{559D282F-7050-48AC-87E5-5CAF5A8C18B0}"
EndProject
Project("{9A19103F-16F7-4668-BE54-9A1E7A4F7556}") = "Swashbuckle.AspNetCore.SwaggerUi", "src\Swashbuckle.AspNetCore.SwaggerUi\Swashbuckle.AspNetCore.SwaggerUi.csproj", "{D57AFEEE-4BB8-4760-A15C-32D63404338D}"
EndProject
Global
	GlobalSection(SolutionConfigurationPlatforms) = preSolution
		Debug|Any CPU = Debug|Any CPU
		Debug|x64 = Debug|x64
		Debug|x86 = Debug|x86
		Release|Any CPU = Release|Any CPU
		Release|x64 = Release|x64
		Release|x86 = Release|x86
	EndGlobalSection
	GlobalSection(ProjectConfigurationPlatforms) = postSolution
		{98410F12-E2A2-4ECF-AD99-CB3CA2B8FCF2}.Debug|Any CPU.ActiveCfg = Debug|Any CPU
		{98410F12-E2A2-4ECF-AD99-CB3CA2B8FCF2}.Debug|Any CPU.Build.0 = Debug|Any CPU
		{98410F12-E2A2-4ECF-AD99-CB3CA2B8FCF2}.Debug|x64.ActiveCfg = Debug|x64
		{98410F12-E2A2-4ECF-AD99-CB3CA2B8FCF2}.Debug|x64.Build.0 = Debug|x64
		{98410F12-E2A2-4ECF-AD99-CB3CA2B8FCF2}.Debug|x86.ActiveCfg = Debug|x86
		{98410F12-E2A2-4ECF-AD99-CB3CA2B8FCF2}.Debug|x86.Build.0 = Debug|x86
		{98410F12-E2A2-4ECF-AD99-CB3CA2B8FCF2}.Release|Any CPU.ActiveCfg = Release|Any CPU
		{98410F12-E2A2-4ECF-AD99-CB3CA2B8FCF2}.Release|Any CPU.Build.0 = Release|Any CPU
		{98410F12-E2A2-4ECF-AD99-CB3CA2B8FCF2}.Release|x64.ActiveCfg = Release|x64
		{98410F12-E2A2-4ECF-AD99-CB3CA2B8FCF2}.Release|x64.Build.0 = Release|x64
		{98410F12-E2A2-4ECF-AD99-CB3CA2B8FCF2}.Release|x86.ActiveCfg = Release|x86
		{98410F12-E2A2-4ECF-AD99-CB3CA2B8FCF2}.Release|x86.Build.0 = Release|x86
		{F9C6D17C-77D1-4EE6-8637-571A424F3609}.Debug|Any CPU.ActiveCfg = Debug|Any CPU
		{F9C6D17C-77D1-4EE6-8637-571A424F3609}.Debug|Any CPU.Build.0 = Debug|Any CPU
		{F9C6D17C-77D1-4EE6-8637-571A424F3609}.Debug|x64.ActiveCfg = Debug|x64
		{F9C6D17C-77D1-4EE6-8637-571A424F3609}.Debug|x64.Build.0 = Debug|x64
		{F9C6D17C-77D1-4EE6-8637-571A424F3609}.Debug|x86.ActiveCfg = Debug|x86
		{F9C6D17C-77D1-4EE6-8637-571A424F3609}.Debug|x86.Build.0 = Debug|x86
		{F9C6D17C-77D1-4EE6-8637-571A424F3609}.Release|Any CPU.ActiveCfg = Release|Any CPU
		{F9C6D17C-77D1-4EE6-8637-571A424F3609}.Release|Any CPU.Build.0 = Release|Any CPU
		{F9C6D17C-77D1-4EE6-8637-571A424F3609}.Release|x64.ActiveCfg = Release|x64
		{F9C6D17C-77D1-4EE6-8637-571A424F3609}.Release|x64.Build.0 = Release|x64
		{F9C6D17C-77D1-4EE6-8637-571A424F3609}.Release|x86.ActiveCfg = Release|x86
		{F9C6D17C-77D1-4EE6-8637-571A424F3609}.Release|x86.Build.0 = Release|x86
		{559D282F-7050-48AC-87E5-5CAF5A8C18B0}.Debug|Any CPU.ActiveCfg = Debug|Any CPU
		{559D282F-7050-48AC-87E5-5CAF5A8C18B0}.Debug|Any CPU.Build.0 = Debug|Any CPU
		{559D282F-7050-48AC-87E5-5CAF5A8C18B0}.Debug|x64.ActiveCfg = Debug|x64
		{559D282F-7050-48AC-87E5-5CAF5A8C18B0}.Debug|x64.Build.0 = Debug|x64
		{559D282F-7050-48AC-87E5-5CAF5A8C18B0}.Debug|x86.ActiveCfg = Debug|x86
		{559D282F-7050-48AC-87E5-5CAF5A8C18B0}.Debug|x86.Build.0 = Debug|x86
		{559D282F-7050-48AC-87E5-5CAF5A8C18B0}.Release|Any CPU.ActiveCfg = Release|Any CPU
		{559D282F-7050-48AC-87E5-5CAF5A8C18B0}.Release|Any CPU.Build.0 = Release|Any CPU
		{559D282F-7050-48AC-87E5-5CAF5A8C18B0}.Release|x64.ActiveCfg = Release|x64
		{559D282F-7050-48AC-87E5-5CAF5A8C18B0}.Release|x64.Build.0 = Release|x64
		{559D282F-7050-48AC-87E5-5CAF5A8C18B0}.Release|x86.ActiveCfg = Release|x86
		{559D282F-7050-48AC-87E5-5CAF5A8C18B0}.Release|x86.Build.0 = Release|x86
		{D57AFEEE-4BB8-4760-A15C-32D63404338D}.Debug|Any CPU.ActiveCfg = Debug|Any CPU
		{D57AFEEE-4BB8-4760-A15C-32D63404338D}.Debug|Any CPU.Build.0 = Debug|Any CPU
		{D57AFEEE-4BB8-4760-A15C-32D63404338D}.Debug|x64.ActiveCfg = Debug|x64
		{D57AFEEE-4BB8-4760-A15C-32D63404338D}.Debug|x64.Build.0 = Debug|x64
		{D57AFEEE-4BB8-4760-A15C-32D63404338D}.Debug|x86.ActiveCfg = Debug|x86
		{D57AFEEE-4BB8-4760-A15C-32D63404338D}.Debug|x86.Build.0 = Debug|x86
		{D57AFEEE-4BB8-4760-A15C-32D63404338D}.Release|Any CPU.ActiveCfg = Release|Any CPU
		{D57AFEEE-4BB8-4760-A15C-32D63404338D}.Release|Any CPU.Build.0 = Release|Any CPU
		{D57AFEEE-4BB8-4760-A15C-32D63404338D}.Release|x64.ActiveCfg = Release|x64
		{D57AFEEE-4BB8-4760-A15C-32D63404338D}.Release|x64.Build.0 = Release|x64
		{D57AFEEE-4BB8-4760-A15C-32D63404338D}.Release|x86.ActiveCfg = Release|x86
		{D57AFEEE-4BB8-4760-A15C-32D63404338D}.Release|x86.Build.0 = Release|x86
	EndGlobalSection
	GlobalSection(SolutionProperties) = preSolution
		HideSolutionNode = FALSE
	EndGlobalSection
EndGlobal
